
Microsoft Visual Studio Solution File, Format Version 12.00
# Visual Studio Version 16
VisualStudioVersion = 16.0.29503.13
MinimumVisualStudioVersion = 10.0.40219.1
Project("{FAE04EC0-301F-11D3-BF4B-00C04F79EFBC}") = "Wzorzec fabryka", "Wzorzec fabryka\Wzorzec fabryka.csproj", "{9CBBB8EB-6D52-4785-A62E-9875793C99F4}"
EndProject
Global
	GlobalSection(SolutionConfigurationPlatforms) = preSolution
		Debug|Any CPU = Debug|Any CPU
		Release|Any CPU = Release|Any CPU
	EndGlobalSection
	GlobalSection(ProjectConfigurationPlatforms) = postSolution
		{9CBBB8EB-6D52-4785-A62E-9875793C99F4}.Debug|Any CPU.ActiveCfg = Debug|Any CPU
		{9CBBB8EB-6D52-4785-A62E-9875793C99F4}.Debug|Any CPU.Build.0 = Debug|Any CPU
		{9CBBB8EB-6D52-4785-A62E-9875793C99F4}.Release|Any CPU.ActiveCfg = Release|Any CPU
		{9CBBB8EB-6D52-4785-A62E-9875793C99F4}.Release|Any CPU.Build.0 = Release|Any CPU
	EndGlobalSection
	GlobalSection(SolutionProperties) = preSolution
		HideSolutionNode = FALSE
	EndGlobalSection
	GlobalSection(ExtensibilityGlobals) = postSolution
		SolutionGuid = {758FFE81-97B7-453D-A83F-62CEC632FAA6}
	EndGlobalSection
EndGlobal
